<?xml version="1.0" encoding="utf-8"?>
<Project ToolsVersion="4.0" xmlns="http://schemas.microsoft.com/developer/msbuild/2003">
  <ItemGroup>
    <Filter Include="Source Files">
      <UniqueIdentifier>{4FC737F1-C7A5-4376-A066-2A32D752A2FF}</UniqueIdentifier>
      <Extensions>cpp;c;cc;cxx;c++;def;odl;idl;hpj;bat;asm;asmx</Extensions>
    </Filter>
    <Filter Include="Header Files">
      <UniqueIdentifier>{93995380-89BD-4b04-88EB-625FBE52EBFB}</UniqueIdentifier>
      <Extensions>h;hh;hpp;hxx;h++;hm;inl;inc;ipp;xsd</Extensions>
    </Filter>
    <Filter Include="Resource Files">
      <UniqueIdentifier>{67DA6AB6-F800-4c08-8B7A-83BB121AAD01}</UniqueIdentifier>
      <Extensions>rc;ico;cur;bmp;dlg;rc2;rct;bin;rgs;gif;jpg;jpeg;jpe;resx;tiff;tif;png;wav;mfcribbon-ms</Extensions>
    </Filter>
    <Filter Include="Source Files\MathUtil">
      <UniqueIdentifier>{91e51cbb-58ea-4e5e-9c7f-2744c0ad603c}</UniqueIdentifier>
    </Filter>
    <Filter Include="Source Files\PuttingItTogether">
      <UniqueIdentifier>{ce22a93d-e72d-4e2d-9d23-0cb13c5d5bde}</UniqueIdentifier>
    </Filter>
    <Filter Include="Source Files\PuttingItTogether\Chapter_1">
      <UniqueIdentifier>{ed8dba8e-da33-41e2-acaa-1ea21a707399}</UniqueIdentifier>
    </Filter>
  </ItemGroup>
  <ItemGroup>
    <ClCompile Include="RayTraceChallenge.cpp">
      <Filter>Source Files</Filter>
    </ClCompile>
    <ClCompile Include="MathUtil\Tuple.cpp">
      <Filter>Source Files\MathUtil</Filter>
    </ClCompile>
    <ClCompile Include="PuttingItTogether\Trajectory.cpp">
      <Filter>Source Files\PuttingItTogether\Chapter_1</Filter>
    </ClCompile>
  </ItemGroup>
  <ItemGroup>
    <ClInclude Include="MathUtil\Tuple.h">
      <Filter>Source Files\MathUtil</Filter>
    </ClInclude>
    <ClInclude Include="MathUtil\Constants.h">
      <Filter>Source Files\MathUtil</Filter>
    </ClInclude>
    <ClInclude Include="PuttingItTogether\Trajectory.h">
      <Filter>Source Files\PuttingItTogether\Chapter_1</Filter>
    </ClInclude>
  </ItemGroup>
</Project>